
Microsoft Visual Studio Solution File, Format Version 12.00
# Visual Studio Version 16
VisualStudioVersion = 16.0.30717.126
MinimumVisualStudioVersion = 10.0.40219.1
Project("{8BC9CEB8-8B4A-11D0-8D11-00A0C91BC942}") = "Home Work 2", "Home Work 2\Home Work 2.vcxproj", "{1112169A-21DF-4444-90BF-2464EC5491B7}"
EndProject
Global
	GlobalSection(SolutionConfigurationPlatforms) = preSolution
		Debug|x64 = Debug|x64
		Debug|x86 = Debug|x86
		Release|x64 = Release|x64
		Release|x86 = Release|x86
	EndGlobalSection
	GlobalSection(ProjectConfigurationPlatforms) = postSolution
		{1112169A-21DF-4444-90BF-2464EC5491B7}.Debug|x64.ActiveCfg = Debug|x64
		{1112169A-21DF-4444-90BF-2464EC5491B7}.Debug|x64.Build.0 = Debug|x64
		{1112169A-21DF-4444-90BF-2464EC5491B7}.Debug|x86.ActiveCfg = Debug|Win32
		{1112169A-21DF-4444-90BF-2464EC5491B7}.Debug|x86.Build.0 = Debug|Win32
		{1112169A-21DF-4444-90BF-2464EC5491B7}.Release|x64.ActiveCfg = Release|x64
		{1112169A-21DF-4444-90BF-2464EC5491B7}.Release|x64.Build.0 = Release|x64
		{1112169A-21DF-4444-90BF-2464EC5491B7}.Release|x86.ActiveCfg = Release|Win32
		{1112169A-21DF-4444-90BF-2464EC5491B7}.Release|x86.Build.0 = Release|Win32
	EndGlobalSection
	GlobalSection(SolutionProperties) = preSolution
		HideSolutionNode = FALSE
	EndGlobalSection
	GlobalSection(ExtensibilityGlobals) = postSolution
		SolutionGuid = {7AF07525-E964-41F8-8588-D6CB9B9C24B4}
	EndGlobalSection
EndGlobal
